
Microsoft Visual Studio Solution File, Format Version 12.00
# Visual Studio Version 17
VisualStudioVersion = 17.5.002.0
MinimumVisualStudioVersion = 10.0.40219.1
Project("{9A19103F-16F7-4668-BE54-9A1E7A4F7556}") = "BudgetApi", "BudgetApi\BudgetApi.csproj", "{FAFA51A8-C407-4D9D-84D7-4DCB51B882BC}"
EndProject
Global
	GlobalSection(SolutionConfigurationPlatforms) = preSolution
		Debug|Any CPU = Debug|Any CPU
		Release|Any CPU = Release|Any CPU
	EndGlobalSection
	GlobalSection(ProjectConfigurationPlatforms) = postSolution
		{FAFA51A8-C407-4D9D-84D7-4DCB51B882BC}.Debug|Any CPU.ActiveCfg = Debug|Any CPU
		{FAFA51A8-C407-4D9D-84D7-4DCB51B882BC}.Debug|Any CPU.Build.0 = Debug|Any CPU
		{FAFA51A8-C407-4D9D-84D7-4DCB51B882BC}.Release|Any CPU.ActiveCfg = Release|Any CPU
		{FAFA51A8-C407-4D9D-84D7-4DCB51B882BC}.Release|Any CPU.Build.0 = Release|Any CPU
	EndGlobalSection
	GlobalSection(SolutionProperties) = preSolution
		HideSolutionNode = FALSE
	EndGlobalSection
	GlobalSection(ExtensibilityGlobals) = postSolution
		SolutionGuid = {18453B75-6913-45E8-9FC0-E92AE3E02CB8}
	EndGlobalSection
EndGlobal
